{
  "name": "res-pareto-path",
  "version": "0.3.0",
  "lockfileVersion": 2,
  "requires": true,
  "packages": {
    "": {
      "name": "res-pareto-path",
      "version": "0.3.0",
      "license": "ISC",
      "dependencies": {
        "@types/node": "^18.7.13",
        "api-pareto-path": "^0.1.0"
      }
    },
    "node_modules/@types/node": {
      "version": "18.7.13",
      "resolved": "https://registry.npmjs.org/@types/node/-/node-18.7.13.tgz",
      "integrity": "sha512-46yIhxSe5xEaJZXWdIBP7GU4HDTG8/eo0qd9atdiL+lFpA03y8KS+lkTN834TWJj5767GbWv4n/P6efyTFt1Dw=="
    },
    "node_modules/api-pareto-path": {
      "version": "0.1.0",
      "resolved": "https://registry.npmjs.org/api-pareto-path/-/api-pareto-path-0.1.0.tgz",
      "integrity": "sha512-AQ3tqfsMotDhWW3ZIkGAzuPZ7qcq/ZtSUI4CMHiIURnNfDKhMEAxzKuD1JJRLxhXgEXD8tHM9PDvQ5ASUEHDeA==",
      "dependencies": {
        "pareto-core-types": "^0.1.0"
      }
    },
    "node_modules/pareto-core-types": {
      "version": "0.1.0",
      "resolved": "https://registry.npmjs.org/pareto-core-types/-/pareto-core-types-0.1.0.tgz",
      "integrity": "sha512-0HzkufJz11Lus9Kt1AS5+ihBMjyJvpmw2/lQHOYhhIv8WwrTBpIsYJusEzrlnq2+wWAoK46giQeHFky2YQAnaw=="
    }
  },
  "dependencies": {
    "@types/node": {
      "version": "18.7.13",
      "resolved": "https://registry.npmjs.org/@types/node/-/node-18.7.13.tgz",
      "integrity": "sha512-46yIhxSe5xEaJZXWdIBP7GU4HDTG8/eo0qd9atdiL+lFpA03y8KS+lkTN834TWJj5767GbWv4n/P6efyTFt1Dw=="
    },
    "api-pareto-path": {
      "version": "0.1.0",
      "resolved": "https://registry.npmjs.org/api-pareto-path/-/api-pareto-path-0.1.0.tgz",
      "integrity": "sha512-AQ3tqfsMotDhWW3ZIkGAzuPZ7qcq/ZtSUI4CMHiIURnNfDKhMEAxzKuD1JJRLxhXgEXD8tHM9PDvQ5ASUEHDeA==",
      "requires": {
        "pareto-core-types": "^0.1.0"
      }
    },
    "pareto-core-types": {
      "version": "0.1.0",
      "resolved": "https://registry.npmjs.org/pareto-core-types/-/pareto-core-types-0.1.0.tgz",
      "integrity": "sha512-0HzkufJz11Lus9Kt1AS5+ihBMjyJvpmw2/lQHOYhhIv8WwrTBpIsYJusEzrlnq2+wWAoK46giQeHFky2YQAnaw=="
    }
  }
}
